
Microsoft Visual Studio Solution File, Format Version 12.00
# Visual Studio Version 16
VisualStudioVersion = 16.0.30114.105
MinimumVisualStudioVersion = 10.0.40219.1
Project("{9092AA53-FB77-4645-B42D-1CCCA6BD08BD}") = "MangoServer", "MangoServer\MangoServer.njsproj", "{924B352C-3D24-41D3-BCB0-C7EF356928FB}"
EndProject
Global
	GlobalSection(SolutionConfigurationPlatforms) = preSolution
		Debug|Any CPU = Debug|Any CPU
		Release|Any CPU = Release|Any CPU
	EndGlobalSection
	GlobalSection(ProjectConfigurationPlatforms) = postSolution
		{924B352C-3D24-41D3-BCB0-C7EF356928FB}.Debug|Any CPU.ActiveCfg = Debug|Any CPU
		{924B352C-3D24-41D3-BCB0-C7EF356928FB}.Debug|Any CPU.Build.0 = Debug|Any CPU
		{924B352C-3D24-41D3-BCB0-C7EF356928FB}.Release|Any CPU.ActiveCfg = Release|Any CPU
		{924B352C-3D24-41D3-BCB0-C7EF356928FB}.Release|Any CPU.Build.0 = Release|Any CPU
	EndGlobalSection
	GlobalSection(SolutionProperties) = preSolution
		HideSolutionNode = FALSE
	EndGlobalSection
	GlobalSection(ExtensibilityGlobals) = postSolution
		SolutionGuid = {B81A069C-D028-402E-AABD-5CD34A174DBE}
	EndGlobalSection
EndGlobal
